// !$*UTF8*$!
{
	archiveVersion = 1;
	classes = {
	};
	objectVersion = 56;
	objects = {

/* Begin PBXBuildFile section */
		C64360BB2A0B5FA3000DAD7F /* AppDelegate.m in Sources */ = {isa = PBXBuildFile; fileRef = C64360BA2A0B5FA3000DAD7F /* AppDelegate.m */; };
		C64360BE2A0B5FA3000DAD7F /* SceneDelegate.m in Sources */ = {isa = PBXBuildFile; fileRef = C64360BD2A0B5FA3000DAD7F /* SceneDelegate.m */; };
		C64360C12A0B5FA3000DAD7F /* ViewController.m in Sources */ = {isa = PBXBuildFile; fileRef = C64360C02A0B5FA3000DAD7F /* ViewController.m */; };
		C64360C42A0B5FA3000DAD7F /* Main.storyboard in Resources */ = {isa = PBXBuildFile; fileRef = C64360C22A0B5FA3000DAD7F /* Main.storyboard */; };
		C64360C72A0B5FA3000DAD7F /* localnotification_objective_c.xcdatamodeld in Sources */ = {isa = PBXBuildFile; fileRef = C64360C52A0B5FA3000DAD7F /* localnotification_objective_c.xcdatamodeld */; };
		C64360C92A0B5FA5000DAD7F /* Assets.xcassets in Resources */ = {isa = PBXBuildFile; fileRef = C64360C82A0B5FA5000DAD7F /* Assets.xcassets */; };
		C64360CC2A0B5FA5000DAD7F /* LaunchScreen.storyboard in Resources */ = {isa = PBXBuildFile; fileRef = C64360CA2A0B5FA5000DAD7F /* LaunchScreen.storyboard */; };
		C64360CF2A0B5FA5000DAD7F /* main.m in Sources */ = {isa = PBXBuildFile; fileRef = C64360CE2A0B5FA5000DAD7F /* main.m */; };
		C64360D72A0B5FDE000DAD7F /* UserNotifications.framework in Frameworks */ = {isa = PBXBuildFile; fileRef = C64360D62A0B5FDD000DAD7F /* UserNotifications.framework */; };
/* End PBXBuildFile section */

/* Begin PBXFileReference section */
		C64360B62A0B5FA3000DAD7F /* localnotification-objective-c.app */ = {isa = PBXFileReference; explicitFileType = wrapper.application; includeInIndex = 0; path = "localnotification-objective-c.app"; sourceTree = BUILT_PRODUCTS_DIR; };
		C64360B92A0B5FA3000DAD7F /* AppDelegate.h */ = {isa = PBXFileReference; lastKnownFileType = sourcecode.c.h; path = AppDelegate.h; sourceTree = "<group>"; };
		C64360BA2A0B5FA3000DAD7F /* AppDelegate.m */ = {isa = PBXFileReference; lastKnownFileType = sourcecode.c.objc; path = AppDelegate.m; sourceTree = "<group>"; };
		C64360BC2A0B5FA3000DAD7F /* SceneDelegate.h */ = {isa = PBXFileReference; lastKnownFileType = sourcecode.c.h; path = SceneDelegate.h; sourceTree = "<group>"; };
		C64360BD2A0B5FA3000DAD7F /* SceneDelegate.m */ = {isa = PBXFileReference; lastKnownFileType = sourcecode.c.objc; path = SceneDelegate.m; sourceTree = "<group>"; };
		C64360BF2A0B5FA3000DAD7F /* ViewController.h */ = {isa = PBXFileReference; lastKnownFileType = sourcecode.c.h; path = ViewController.h; sourceTree = "<group>"; };
		C64360C02A0B5FA3000DAD7F /* ViewController.m */ = {isa = PBXFileReference; lastKnownFileType = sourcecode.c.objc; path = ViewController.m; sourceTree = "<group>"; };
		C64360C32A0B5FA3000DAD7F /* Base */ = {isa = PBXFileReference; lastKnownFileType = file.storyboard; name = Base; path = Base.lproj/Main.storyboard; sourceTree = "<group>"; };
		C64360C62A0B5FA3000DAD7F /* localnotification_objective_c.xcdatamodel */ = {isa = PBXFileReference; lastKnownFileType = wrapper.xcdatamodel; path = localnotification_objective_c.xcdatamodel; sourceTree = "<group>"; };
		C64360C82A0B5FA5000DAD7F /* Assets.xcassets */ = {isa = PBXFileReference; lastKnownFileType = folder.assetcatalog; path = Assets.xcassets; sourceTree = "<group>"; };
		C64360CB2A0B5FA5000DAD7F /* Base */ = {isa = PBXFileReference; lastKnownFileType = file.storyboard; name = Base; path = Base.lproj/LaunchScreen.storyboard; sourceTree = "<group>"; };
		C64360CD2A0B5FA5000DAD7F /* Info.plist */ = {isa = PBXFileReference; lastKnownFileType = text.plist.xml; path = Info.plist; sourceTree = "<group>"; };
		C64360CE2A0B5FA5000DAD7F /* main.m */ = {isa = PBXFileReference; lastKnownFileType = sourcecode.c.objc; path = main.m; sourceTree = "<group>"; };
		C64360D62A0B5FDD000DAD7F /* UserNotifications.framework */ = {isa = PBXFileReference; lastKnownFileType = wrapper.framework; name = UserNotifications.framework; path = System/Library/Frameworks/UserNotifications.framework; sourceTree = SDKROOT; };
/* End PBXFileReference section */

/* Begin PBXFrameworksBuildPhase section */
		C64360B32A0B5FA3000DAD7F /* Frameworks */ = {
			isa = PBXFrameworksBuildPhase;
			buildActionMask = 2147483647;
			files = (
				C64360D72A0B5FDE000DAD7F /* UserNotifications.framework in Frameworks */,
			);
			runOnlyForDeploymentPostprocessing = 0;
		};
/* End PBXFrameworksBuildPhase section */

/* Begin PBXGroup section */
		C64360AD2A0B5FA3000DAD7F = {
			isa = PBXGroup;
			children = (
				C64360B82A0B5FA3000DAD7F /* localnotification-objective-c */,
				C64360B72A0B5FA3000DAD7F /* Products */,
				C64360D52A0B5FDD000DAD7F /* Frameworks */,
			);
			sourceTree = "<group>";
		};
		C64360B72A0B5FA3000DAD7F /* Products */ = {
			isa = PBXGroup;
			children = (
				C64360B62A0B5FA3000DAD7F /* localnotification-objective-c.app */,
			);
			name = Products;
			sourceTree = "<group>";
		};
		C64360B82A0B5FA3000DAD7F /* localnotification-objective-c */ = {
			isa = PBXGroup;
			children = (
				C64360B92A0B5FA3000DAD7F /* AppDelegate.h */,
				C64360BA2A0B5FA3000DAD7F /* AppDelegate.m */,
				C64360BC2A0B5FA3000DAD7F /* SceneDelegate.h */,
				C64360BD2A0B5FA3000DAD7F /* SceneDelegate.m */,
				C64360BF2A0B5FA3000DAD7F /* ViewController.h */,
				C64360C02A0B5FA3000DAD7F /* ViewController.m */,
				C64360C22A0B5FA3000DAD7F /* Main.storyboard */,
				C64360C82A0B5FA5000DAD7F /* Assets.xcassets */,
				C64360CA2A0B5FA5000DAD7F /* LaunchScreen.storyboard */,
				C64360CD2A0B5FA5000DAD7F /* Info.plist */,
				C64360CE2A0B5FA5000DAD7F /* main.m */,
				C64360C52A0B5FA3000DAD7F /* localnotification_objective_c.xcdatamodeld */,
			);
			path = "localnotification-objective-c";
			sourceTree = "<group>";
		};
		C64360D52A0B5FDD000DAD7F /* Frameworks */ = {
			isa = PBXGroup;
			children = (
				C64360D62A0B5FDD000DAD7F /* UserNotifications.framework */,
			);
			name = Frameworks;
			sourceTree = "<group>";
		};
/* End PBXGroup section */

/* Begin PBXNativeTarget section */
		C64360B52A0B5FA3000DAD7F /* localnotification-objective-c */ = {
			isa = PBXNativeTarget;
			buildConfigurationList = C64360D22A0B5FA5000DAD7F /* Build configuration list for PBXNativeTarget "localnotification-objective-c" */;
			buildPhases = (
				C64360B22A0B5FA3000DAD7F /* Sources */,
				C64360B32A0B5FA3000DAD7F /* Frameworks */,
				C64360B42A0B5FA3000DAD7F /* Resources */,
			);
			buildRules = (
			);
			dependencies = (
			);
			name = "localnotification-objective-c";
			productName = "localnotification-objective-c";
			productReference = C64360B62A0B5FA3000DAD7F /* localnotification-objective-c.app */;
			productType = "com.apple.product-type.application";
		};
/* End PBXNativeTarget section */

/* Begin PBXProject section */
		C64360AE2A0B5FA3000DAD7F /* Project object */ = {
			isa = PBXProject;
			attributes = {
				BuildIndependentTargetsInParallel = 1;
				LastUpgradeCheck = 1420;
				TargetAttributes = {
					C64360B52A0B5FA3000DAD7F = {
						CreatedOnToolsVersion = 14.2;
					};
				};
			};
			buildConfigurationList = C64360B12A0B5FA3000DAD7F /* Build configuration list for PBXProject "localnotification-objective-c" */;
			compatibilityVersion = "Xcode 14.0";
			developmentRegion = en;
			hasScannedForEncodings = 0;
			knownRegions = (
				en,
				Base,
			);
			mainGroup = C64360AD2A0B5FA3000DAD7F;
			productRefGroup = C64360B72A0B5FA3000DAD7F /* Products */;
			projectDirPath = "";
			projectRoot = "";
			targets = (
				C64360B52A0B5FA3000DAD7F /* localnotification-objective-c */,
			);
		};
/* End PBXProject section */

/* Begin PBXResourcesBuildPhase section */
		C64360B42A0B5FA3000DAD7F /* Resources */ = {
			isa = PBXResourcesBuildPhase;
			buildActionMask = 2147483647;
			files = (
				C64360CC2A0B5FA5000DAD7F /* LaunchScreen.storyboard in Resources */,
				C64360C92A0B5FA5000DAD7F /* Assets.xcassets in Resources */,
				C64360C42A0B5FA3000DAD7F /* Main.storyboard in Resources */,
			);
			runOnlyForDeploymentPostprocessing = 0;
		};
/* End PBXResourcesBuildPhase section */

/* Begin PBXSourcesBuildPhase section */
		C64360B22A0B5FA3000DAD7F /* Sources */ = {
			isa = PBXSourcesBuildPhase;
			buildActionMask = 2147483647;
			files = (
				C64360CF2A0B5FA5000DAD7F /* main.m in Sources */,
				C64360C72A0B5FA3000DAD7F /* localnotification_objective_c.xcdatamodeld in Sources */,
				C64360C12A0B5FA3000DAD7F /* ViewController.m in Sources */,
				C64360BB2A0B5FA3000DAD7F /* AppDelegate.m in Sources */,
				C64360BE2A0B5FA3000DAD7F /* SceneDelegate.m in Sources */,
			);
			runOnlyForDeploymentPostprocessing = 0;
		};
/* End PBXSourcesBuildPhase section */

/* Begin PBXVariantGroup section */
		C64360C22A0B5FA3000DAD7F /* Main.storyboard */ = {
			isa = PBXVariantGroup;
			children = (
				C64360C32A0B5FA3000DAD7F /* Base */,
			);
			name = Main.storyboard;
			sourceTree = "<group>";
		};
		C64360CA2A0B5FA5000DAD7F /* LaunchScreen.storyboard */ = {
			isa = PBXVariantGroup;
			children = (
				C64360CB2A0B5FA5000DAD7F /* Base */,
			);
			name = LaunchScreen.storyboard;
			sourceTree = "<group>";
		};
/* End PBXVariantGroup section */

/* Begin XCBuildConfiguration section */
		C64360D02A0B5FA5000DAD7F /* Debug */ = {
			isa = XCBuildConfiguration;
			buildSettings = {
				ALWAYS_SEARCH_USER_PATHS = NO;
				CLANG_ANALYZER_NONNULL = YES;
				CLANG_ANALYZER_NUMBER_OBJECT_CONVERSION = YES_AGGRESSIVE;
				CLANG_CXX_LANGUAGE_STANDARD = "gnu++20";
				CLANG_ENABLE_MODULES = YES;
				CLANG_ENABLE_OBJC_ARC = YES;
				CLANG_ENABLE_OBJC_WEAK = YES;
				CLANG_WARN_BLOCK_CAPTURE_AUTORELEASING = YES;
				CLANG_WARN_BOOL_CONVERSION = YES;
				CLANG_WARN_COMMA = YES;
				CLANG_WARN_CONSTANT_CONVERSION = YES;
				CLANG_WARN_DEPRECATED_OBJC_IMPLEMENTATIONS = YES;
				CLANG_WARN_DIRECT_OBJC_ISA_USAGE = YES_ERROR;
				CLANG_WARN_DOCUMENTATION_COMMENTS = YES;
				CLANG_WARN_EMPTY_BODY = YES;
				CLANG_WARN_ENUM_CONVERSION = YES;
				CLANG_WARN_INFINITE_RECURSION = YES;
				CLANG_WARN_INT_CONVERSION = YES;
				CLANG_WARN_NON_LITERAL_NULL_CONVERSION = YES;
				CLANG_WARN_OBJC_IMPLICIT_RETAIN_SELF = YES;
				CLANG_WARN_OBJC_LITERAL_CONVERSION = YES;
				CLANG_WARN_OBJC_ROOT_CLASS = YES_ERROR;
				CLANG_WARN_QUOTED_INCLUDE_IN_FRAMEWORK_HEADER = YES;
				CLANG_WARN_RANGE_LOOP_ANALYSIS = YES;
				CLANG_WARN_STRICT_PROTOTYPES = YES;
				CLANG_WARN_SUSPICIOUS_MOVE = YES;
				CLANG_WARN_UNGUARDED_AVAILABILITY = YES_AGGRESSIVE;
				CLANG_WARN_UNREACHABLE_CODE = YES;
				CLANG_WARN__DUPLICATE_METHOD_MATCH = YES;
				COPY_PHASE_STRIP = NO;
				DEBUG_INFORMATION_FORMAT = dwarf;
				ENABLE_STRICT_OBJC_MSGSEND = YES;
				ENABLE_TESTABILITY = YES;
				GCC_C_LANGUAGE_STANDARD = gnu11;
				GCC_DYNAMIC_NO_PIC = NO;
				GCC_NO_COMMON_BLOCKS = YES;
				GCC_OPTIMIZATION_LEVEL = 0;
				GCC_PREPROCESSOR_DEFINITIONS = (
					"DEBUG=1",
					"$(inherited)",
				);
				GCC_WARN_64_TO_32_BIT_CONVERSION = YES;
				GCC_WARN_ABOUT_RETURN_TYPE = YES_ERROR;
				GCC_WARN_UNDECLARED_SELECTOR = YES;
				GCC_WARN_UNINITIALIZED_AUTOS = YES_AGGRESSIVE;
				GCC_WARN_UNUSED_FUNCTION = YES;
				GCC_WARN_UNUSED_VARIABLE = YES;
				IPHONEOS_DEPLOYMENT_TARGET = 16.2;
				MTL_ENABLE_DEBUG_INFO = INCLUDE_SOURCE;
				MTL_FAST_MATH = YES;
				ONLY_ACTIVE_ARCH = YES;
				SDKROOT = iphoneos;
			};
			name = Debug;
		};
		C64360D12A0B5FA5000DAD7F /* Release */ = {
			isa = XCBuildConfiguration;
			buildSettings = {
				ALWAYS_SEARCH_USER_PATHS = NO;
				CLANG_ANALYZER_NONNULL = YES;
				CLANG_ANALYZER_NUMBER_OBJECT_CONVERSION = YES_AGGRESSIVE;
				CLANG_CXX_LANGUAGE_STANDARD = "gnu++20";
				CLANG_ENABLE_MODULES = YES;
				CLANG_ENABLE_OBJC_ARC = YES;
				CLANG_ENABLE_OBJC_WEAK = YES;
				CLANG_WARN_BLOCK_CAPTURE_AUTORELEASING = YES;
				CLANG_WARN_BOOL_CONVERSION = YES;
				CLANG_WARN_COMMA = YES;
				CLANG_WARN_CONSTANT_CONVERSION = YES;
				CLANG_WARN_DEPRECATED_OBJC_IMPLEMENTATIONS = YES;
				CLANG_WARN_DIRECT_OBJC_ISA_USAGE = YES_ERROR;
				CLANG_WARN_DOCUMENTATION_COMMENTS = YES;
				CLANG_WARN_EMPTY_BODY = YES;
				CLANG_WARN_ENUM_CONVERSION = YES;
				CLANG_WARN_INFINITE_RECURSION = YES;
				CLANG_WARN_INT_CONVERSION = YES;
				CLANG_WARN_NON_LITERAL_NULL_CONVERSION = YES;
				CLANG_WARN_OBJC_IMPLICIT_RETAIN_SELF = YES;
				CLANG_WARN_OBJC_LITERAL_CONVERSION = YES;
				CLANG_WARN_OBJC_ROOT_CLASS = YES_ERROR;
				CLANG_WARN_QUOTED_INCLUDE_IN_FRAMEWORK_HEADER = YES;
				CLANG_WARN_RANGE_LOOP_ANALYSIS = YES;
				CLANG_WARN_STRICT_PROTOTYPES = YES;
				CLANG_WARN_SUSPICIOUS_MOVE = YES;
				CLANG_WARN_UNGUARDED_AVAILABILITY = YES_AGGRESSIVE;
				CLANG_WARN_UNREACHABLE_CODE = YES;
				CLANG_WARN__DUPLICATE_METHOD_MATCH = YES;
				COPY_PHASE_STRIP = NO;
				DEBUG_INFORMATION_FORMAT = "dwarf-with-dsym";
				ENABLE_NS_ASSERTIONS = NO;
				ENABLE_STRICT_OBJC_MSGSEND = YES;
				GCC_C_LANGUAGE_STANDARD = gnu11;
				GCC_NO_COMMON_BLOCKS = YES;
				GCC_WARN_64_TO_32_BIT_CONVERSION = YES;
				GCC_WARN_ABOUT_RETURN_TYPE = YES_ERROR;
				GCC_WARN_UNDECLARED_SELECTOR = YES;
				GCC_WARN_UNINITIALIZED_AUTOS = YES_AGGRESSIVE;
				GCC_WARN_UNUSED_FUNCTION = YES;
				GCC_WARN_UNUSED_VARIABLE = YES;
				IPHONEOS_DEPLOYMENT_TARGET = 16.2;
				MTL_ENABLE_DEBUG_INFO = NO;
				MTL_FAST_MATH = YES;
				SDKROOT = iphoneos;
				VALIDATE_PRODUCT = YES;
			};
			name = Release;
		};
		C64360D32A0B5FA5000DAD7F /* Debug */ = {
			isa = XCBuildConfiguration;
			buildSettings = {
				ASSETCATALOG_COMPILER_APPICON_NAME = AppIcon;
				ASSETCATALOG_COMPILER_GLOBAL_ACCENT_COLOR_NAME = AccentColor;
				CODE_SIGN_STYLE = Automatic;
				CURRENT_PROJECT_VERSION = 1;
				DEVELOPMENT_TEAM = NPEPL56TCD;
				GENERATE_INFOPLIST_FILE = YES;
				INFOPLIST_FILE = "localnotification-objective-c/Info.plist";
				INFOPLIST_KEY_UIApplicationSupportsIndirectInputEvents = YES;
				INFOPLIST_KEY_UILaunchStoryboardName = LaunchScreen;
				INFOPLIST_KEY_UIMainStoryboardFile = Main;
				INFOPLIST_KEY_UISupportedInterfaceOrientations_iPad = "UIInterfaceOrientationPortrait UIInterfaceOrientationPortraitUpsideDown UIInterfaceOrientationLandscapeLeft UIInterfaceOrientationLandscapeRight";
				INFOPLIST_KEY_UISupportedInterfaceOrientations_iPhone = "UIInterfaceOrientationPortrait UIInterfaceOrientationLandscapeLeft UIInterfaceOrientationLandscapeRight";
				LD_RUNPATH_SEARCH_PATHS = (
					"$(inherited)",
					"@executable_path/Frameworks",
				);
				MARKETING_VERSION = 1.0;
				PRODUCT_BUNDLE_IDENTIFIER = "ssntpl.in.localnotification-objective-c";
				PRODUCT_NAME = "$(TARGET_NAME)";
				SWIFT_EMIT_LOC_STRINGS = YES;
				TARGETED_DEVICE_FAMILY = "1,2";
			};
			name = Debug;
		};
		C64360D42A0B5FA5000DAD7F /* Release */ = {
			isa = XCBuildConfiguration;
			buildSettings = {
				ASSETCATALOG_COMPILER_APPICON_NAME = AppIcon;
				ASSETCATALOG_COMPILER_GLOBAL_ACCENT_COLOR_NAME = AccentColor;
				CODE_SIGN_STYLE = Automatic;
				CURRENT_PROJECT_VERSION = 1;
				DEVELOPMENT_TEAM = NPEPL56TCD;
				GENERATE_INFOPLIST_FILE = YES;
				INFOPLIST_FILE = "localnotification-objective-c/Info.plist";
				INFOPLIST_KEY_UIApplicationSupportsIndirectInputEvents = YES;
				INFOPLIST_KEY_UILaunchStoryboardName = LaunchScreen;
				INFOPLIST_KEY_UIMainStoryboardFile = Main;
				INFOPLIST_KEY_UISupportedInterfaceOrientations_iPad = "UIInterfaceOrientationPortrait UIInterfaceOrientationPortraitUpsideDown UIInterfaceOrientationLandscapeLeft UIInterfaceOrientationLandscapeRight";
				INFOPLIST_KEY_UISupportedInterfaceOrientations_iPhone = "UIInterfaceOrientationPortrait UIInterfaceOrientationLandscapeLeft UIInterfaceOrientationLandscapeRight";
				LD_RUNPATH_SEARCH_PATHS = (
					"$(inherited)",
					"@executable_path/Frameworks",
				);
				MARKETING_VERSION = 1.0;
				PRODUCT_BUNDLE_IDENTIFIER = "ssntpl.in.localnotification-objective-c";
				PRODUCT_NAME = "$(TARGET_NAME)";
				SWIFT_EMIT_LOC_STRINGS = YES;
				TARGETED_DEVICE_FAMILY = "1,2";
			};
			name = Release;
		};
/* End XCBuildConfiguration section */

/* Begin XCConfigurationList section */
		C64360B12A0B5FA3000DAD7F /* Build configuration list for PBXProject "localnotification-objective-c" */ = {
			isa = XCConfigurationList;
			buildConfigurations = (
				C64360D02A0B5FA5000DAD7F /* Debug */,
				C64360D12A0B5FA5000DAD7F /* Release */,
			);
			defaultConfigurationIsVisible = 0;
			defaultConfigurationName = Release;
		};
		C64360D22A0B5FA5000DAD7F /* Build configuration list for PBXNativeTarget "localnotification-objective-c" */ = {
			isa = XCConfigurationList;
			buildConfigurations = (
				C64360D32A0B5FA5000DAD7F /* Debug */,
				C64360D42A0B5FA5000DAD7F /* Release */,
			);
			defaultConfigurationIsVisible = 0;
			defaultConfigurationName = Release;
		};
/* End XCConfigurationList section */

/* Begin XCVersionGroup section */
		C64360C52A0B5FA3000DAD7F /* localnotification_objective_c.xcdatamodeld */ = {
			isa = XCVersionGroup;
			children = (
				C64360C62A0B5FA3000DAD7F /* localnotification_objective_c.xcdatamodel */,
			);
			currentVersion = C64360C62A0B5FA3000DAD7F /* localnotification_objective_c.xcdatamodel */;
			path = localnotification_objective_c.xcdatamodeld;
			sourceTree = "<group>";
			versionGroupType = wrapper.xcdatamodel;
		};
/* End XCVersionGroup section */
	};
	rootObject = C64360AE2A0B5FA3000DAD7F /* Project object */;
}
