// !$*UTF8*$!
{
	archiveVersion = 1;
	classes = {
	};
	objectVersion = 56;
	objects = {

/* Begin PBXBuildFile section */
		C6AFAB812A0E158100E2EFB6 /* AppDelegate.m in Sources */ = {isa = PBXBuildFile; fileRef = C6AFAB802A0E158100E2EFB6 /* AppDelegate.m */; };
		C6AFAB842A0E158100E2EFB6 /* SceneDelegate.m in Sources */ = {isa = PBXBuildFile; fileRef = C6AFAB832A0E158100E2EFB6 /* SceneDelegate.m */; };
		C6AFAB872A0E158100E2EFB6 /* ViewController.m in Sources */ = {isa = PBXBuildFile; fileRef = C6AFAB862A0E158100E2EFB6 /* ViewController.m */; };
		C6AFAB8A2A0E158100E2EFB6 /* Main.storyboard in Resources */ = {isa = PBXBuildFile; fileRef = C6AFAB882A0E158100E2EFB6 /* Main.storyboard */; };
		C6AFAB8D2A0E158100E2EFB6 /* UIAlertView_objective_c.xcdatamodeld in Sources */ = {isa = PBXBuildFile; fileRef = C6AFAB8B2A0E158100E2EFB6 /* UIAlertView_objective_c.xcdatamodeld */; };
		C6AFAB8F2A0E158200E2EFB6 /* Assets.xcassets in Resources */ = {isa = PBXBuildFile; fileRef = C6AFAB8E2A0E158200E2EFB6 /* Assets.xcassets */; };
		C6AFAB922A0E158200E2EFB6 /* LaunchScreen.storyboard in Resources */ = {isa = PBXBuildFile; fileRef = C6AFAB902A0E158200E2EFB6 /* LaunchScreen.storyboard */; };
		C6AFAB952A0E158200E2EFB6 /* main.m in Sources */ = {isa = PBXBuildFile; fileRef = C6AFAB942A0E158200E2EFB6 /* main.m */; };
/* End PBXBuildFile section */

/* Begin PBXFileReference section */
		C6AFAB7C2A0E158100E2EFB6 /* UIAlertView-objective-c.app */ = {isa = PBXFileReference; explicitFileType = wrapper.application; includeInIndex = 0; path = "UIAlertView-objective-c.app"; sourceTree = BUILT_PRODUCTS_DIR; };
		C6AFAB7F2A0E158100E2EFB6 /* AppDelegate.h */ = {isa = PBXFileReference; lastKnownFileType = sourcecode.c.h; path = AppDelegate.h; sourceTree = "<group>"; };
		C6AFAB802A0E158100E2EFB6 /* AppDelegate.m */ = {isa = PBXFileReference; lastKnownFileType = sourcecode.c.objc; path = AppDelegate.m; sourceTree = "<group>"; };
		C6AFAB822A0E158100E2EFB6 /* SceneDelegate.h */ = {isa = PBXFileReference; lastKnownFileType = sourcecode.c.h; path = SceneDelegate.h; sourceTree = "<group>"; };
		C6AFAB832A0E158100E2EFB6 /* SceneDelegate.m */ = {isa = PBXFileReference; lastKnownFileType = sourcecode.c.objc; path = SceneDelegate.m; sourceTree = "<group>"; };
		C6AFAB852A0E158100E2EFB6 /* ViewController.h */ = {isa = PBXFileReference; lastKnownFileType = sourcecode.c.h; path = ViewController.h; sourceTree = "<group>"; };
		C6AFAB862A0E158100E2EFB6 /* ViewController.m */ = {isa = PBXFileReference; lastKnownFileType = sourcecode.c.objc; path = ViewController.m; sourceTree = "<group>"; };
		C6AFAB892A0E158100E2EFB6 /* Base */ = {isa = PBXFileReference; lastKnownFileType = file.storyboard; name = Base; path = Base.lproj/Main.storyboard; sourceTree = "<group>"; };
		C6AFAB8C2A0E158100E2EFB6 /* UIAlertView_objective_c.xcdatamodel */ = {isa = PBXFileReference; lastKnownFileType = wrapper.xcdatamodel; path = UIAlertView_objective_c.xcdatamodel; sourceTree = "<group>"; };
		C6AFAB8E2A0E158200E2EFB6 /* Assets.xcassets */ = {isa = PBXFileReference; lastKnownFileType = folder.assetcatalog; path = Assets.xcassets; sourceTree = "<group>"; };
		C6AFAB912A0E158200E2EFB6 /* Base */ = {isa = PBXFileReference; lastKnownFileType = file.storyboard; name = Base; path = Base.lproj/LaunchScreen.storyboard; sourceTree = "<group>"; };
		C6AFAB932A0E158200E2EFB6 /* Info.plist */ = {isa = PBXFileReference; lastKnownFileType = text.plist.xml; path = Info.plist; sourceTree = "<group>"; };
		C6AFAB942A0E158200E2EFB6 /* main.m */ = {isa = PBXFileReference; lastKnownFileType = sourcecode.c.objc; path = main.m; sourceTree = "<group>"; };
/* End PBXFileReference section */

/* Begin PBXFrameworksBuildPhase section */
		C6AFAB792A0E158100E2EFB6 /* Frameworks */ = {
			isa = PBXFrameworksBuildPhase;
			buildActionMask = 2147483647;
			files = (
			);
			runOnlyForDeploymentPostprocessing = 0;
		};
/* End PBXFrameworksBuildPhase section */

/* Begin PBXGroup section */
		C6AFAB732A0E158100E2EFB6 = {
			isa = PBXGroup;
			children = (
				C6AFAB7E2A0E158100E2EFB6 /* UIAlertView-objective-c */,
				C6AFAB7D2A0E158100E2EFB6 /* Products */,
			);
			sourceTree = "<group>";
		};
		C6AFAB7D2A0E158100E2EFB6 /* Products */ = {
			isa = PBXGroup;
			children = (
				C6AFAB7C2A0E158100E2EFB6 /* UIAlertView-objective-c.app */,
			);
			name = Products;
			sourceTree = "<group>";
		};
		C6AFAB7E2A0E158100E2EFB6 /* UIAlertView-objective-c */ = {
			isa = PBXGroup;
			children = (
				C6AFAB7F2A0E158100E2EFB6 /* AppDelegate.h */,
				C6AFAB802A0E158100E2EFB6 /* AppDelegate.m */,
				C6AFAB822A0E158100E2EFB6 /* SceneDelegate.h */,
				C6AFAB832A0E158100E2EFB6 /* SceneDelegate.m */,
				C6AFAB852A0E158100E2EFB6 /* ViewController.h */,
				C6AFAB862A0E158100E2EFB6 /* ViewController.m */,
				C6AFAB882A0E158100E2EFB6 /* Main.storyboard */,
				C6AFAB8E2A0E158200E2EFB6 /* Assets.xcassets */,
				C6AFAB902A0E158200E2EFB6 /* LaunchScreen.storyboard */,
				C6AFAB932A0E158200E2EFB6 /* Info.plist */,
				C6AFAB942A0E158200E2EFB6 /* main.m */,
				C6AFAB8B2A0E158100E2EFB6 /* UIAlertView_objective_c.xcdatamodeld */,
			);
			path = "UIAlertView-objective-c";
			sourceTree = "<group>";
		};
/* End PBXGroup section */

/* Begin PBXNativeTarget section */
		C6AFAB7B2A0E158100E2EFB6 /* UIAlertView-objective-c */ = {
			isa = PBXNativeTarget;
			buildConfigurationList = C6AFAB982A0E158200E2EFB6 /* Build configuration list for PBXNativeTarget "UIAlertView-objective-c" */;
			buildPhases = (
				C6AFAB782A0E158100E2EFB6 /* Sources */,
				C6AFAB792A0E158100E2EFB6 /* Frameworks */,
				C6AFAB7A2A0E158100E2EFB6 /* Resources */,
			);
			buildRules = (
			);
			dependencies = (
			);
			name = "UIAlertView-objective-c";
			productName = "UIAlertView-objective-c";
			productReference = C6AFAB7C2A0E158100E2EFB6 /* UIAlertView-objective-c.app */;
			productType = "com.apple.product-type.application";
		};
/* End PBXNativeTarget section */

/* Begin PBXProject section */
		C6AFAB742A0E158100E2EFB6 /* Project object */ = {
			isa = PBXProject;
			attributes = {
				BuildIndependentTargetsInParallel = 1;
				LastUpgradeCheck = 1420;
				TargetAttributes = {
					C6AFAB7B2A0E158100E2EFB6 = {
						CreatedOnToolsVersion = 14.2;
					};
				};
			};
			buildConfigurationList = C6AFAB772A0E158100E2EFB6 /* Build configuration list for PBXProject "UIAlertView-objective-c" */;
			compatibilityVersion = "Xcode 14.0";
			developmentRegion = en;
			hasScannedForEncodings = 0;
			knownRegions = (
				en,
				Base,
			);
			mainGroup = C6AFAB732A0E158100E2EFB6;
			productRefGroup = C6AFAB7D2A0E158100E2EFB6 /* Products */;
			projectDirPath = "";
			projectRoot = "";
			targets = (
				C6AFAB7B2A0E158100E2EFB6 /* UIAlertView-objective-c */,
			);
		};
/* End PBXProject section */

/* Begin PBXResourcesBuildPhase section */
		C6AFAB7A2A0E158100E2EFB6 /* Resources */ = {
			isa = PBXResourcesBuildPhase;
			buildActionMask = 2147483647;
			files = (
				C6AFAB922A0E158200E2EFB6 /* LaunchScreen.storyboard in Resources */,
				C6AFAB8F2A0E158200E2EFB6 /* Assets.xcassets in Resources */,
				C6AFAB8A2A0E158100E2EFB6 /* Main.storyboard in Resources */,
			);
			runOnlyForDeploymentPostprocessing = 0;
		};
/* End PBXResourcesBuildPhase section */

/* Begin PBXSourcesBuildPhase section */
		C6AFAB782A0E158100E2EFB6 /* Sources */ = {
			isa = PBXSourcesBuildPhase;
			buildActionMask = 2147483647;
			files = (
				C6AFAB952A0E158200E2EFB6 /* main.m in Sources */,
				C6AFAB872A0E158100E2EFB6 /* ViewController.m in Sources */,
				C6AFAB8D2A0E158100E2EFB6 /* UIAlertView_objective_c.xcdatamodeld in Sources */,
				C6AFAB812A0E158100E2EFB6 /* AppDelegate.m in Sources */,
				C6AFAB842A0E158100E2EFB6 /* SceneDelegate.m in Sources */,
			);
			runOnlyForDeploymentPostprocessing = 0;
		};
/* End PBXSourcesBuildPhase section */

/* Begin PBXVariantGroup section */
		C6AFAB882A0E158100E2EFB6 /* Main.storyboard */ = {
			isa = PBXVariantGroup;
			children = (
				C6AFAB892A0E158100E2EFB6 /* Base */,
			);
			name = Main.storyboard;
			sourceTree = "<group>";
		};
		C6AFAB902A0E158200E2EFB6 /* LaunchScreen.storyboard */ = {
			isa = PBXVariantGroup;
			children = (
				C6AFAB912A0E158200E2EFB6 /* Base */,
			);
			name = LaunchScreen.storyboard;
			sourceTree = "<group>";
		};
/* End PBXVariantGroup section */

/* Begin XCBuildConfiguration section */
		C6AFAB962A0E158200E2EFB6 /* Debug */ = {
			isa = XCBuildConfiguration;
			buildSettings = {
				ALWAYS_SEARCH_USER_PATHS = NO;
				CLANG_ANALYZER_NONNULL = YES;
				CLANG_ANALYZER_NUMBER_OBJECT_CONVERSION = YES_AGGRESSIVE;
				CLANG_CXX_LANGUAGE_STANDARD = "gnu++20";
				CLANG_ENABLE_MODULES = YES;
				CLANG_ENABLE_OBJC_ARC = YES;
				CLANG_ENABLE_OBJC_WEAK = YES;
				CLANG_WARN_BLOCK_CAPTURE_AUTORELEASING = YES;
				CLANG_WARN_BOOL_CONVERSION = YES;
				CLANG_WARN_COMMA = YES;
				CLANG_WARN_CONSTANT_CONVERSION = YES;
				CLANG_WARN_DEPRECATED_OBJC_IMPLEMENTATIONS = YES;
				CLANG_WARN_DIRECT_OBJC_ISA_USAGE = YES_ERROR;
				CLANG_WARN_DOCUMENTATION_COMMENTS = YES;
				CLANG_WARN_EMPTY_BODY = YES;
				CLANG_WARN_ENUM_CONVERSION = YES;
				CLANG_WARN_INFINITE_RECURSION = YES;
				CLANG_WARN_INT_CONVERSION = YES;
				CLANG_WARN_NON_LITERAL_NULL_CONVERSION = YES;
				CLANG_WARN_OBJC_IMPLICIT_RETAIN_SELF = YES;
				CLANG_WARN_OBJC_LITERAL_CONVERSION = YES;
				CLANG_WARN_OBJC_ROOT_CLASS = YES_ERROR;
				CLANG_WARN_QUOTED_INCLUDE_IN_FRAMEWORK_HEADER = YES;
				CLANG_WARN_RANGE_LOOP_ANALYSIS = YES;
				CLANG_WARN_STRICT_PROTOTYPES = YES;
				CLANG_WARN_SUSPICIOUS_MOVE = YES;
				CLANG_WARN_UNGUARDED_AVAILABILITY = YES_AGGRESSIVE;
				CLANG_WARN_UNREACHABLE_CODE = YES;
				CLANG_WARN__DUPLICATE_METHOD_MATCH = YES;
				COPY_PHASE_STRIP = NO;
				DEBUG_INFORMATION_FORMAT = dwarf;
				ENABLE_STRICT_OBJC_MSGSEND = YES;
				ENABLE_TESTABILITY = YES;
				GCC_C_LANGUAGE_STANDARD = gnu11;
				GCC_DYNAMIC_NO_PIC = NO;
				GCC_NO_COMMON_BLOCKS = YES;
				GCC_OPTIMIZATION_LEVEL = 0;
				GCC_PREPROCESSOR_DEFINITIONS = (
					"DEBUG=1",
					"$(inherited)",
				);
				GCC_WARN_64_TO_32_BIT_CONVERSION = YES;
				GCC_WARN_ABOUT_RETURN_TYPE = YES_ERROR;
				GCC_WARN_UNDECLARED_SELECTOR = YES;
				GCC_WARN_UNINITIALIZED_AUTOS = YES_AGGRESSIVE;
				GCC_WARN_UNUSED_FUNCTION = YES;
				GCC_WARN_UNUSED_VARIABLE = YES;
				IPHONEOS_DEPLOYMENT_TARGET = 16.2;
				MTL_ENABLE_DEBUG_INFO = INCLUDE_SOURCE;
				MTL_FAST_MATH = YES;
				ONLY_ACTIVE_ARCH = YES;
				SDKROOT = iphoneos;
			};
			name = Debug;
		};
		C6AFAB972A0E158200E2EFB6 /* Release */ = {
			isa = XCBuildConfiguration;
			buildSettings = {
				ALWAYS_SEARCH_USER_PATHS = NO;
				CLANG_ANALYZER_NONNULL = YES;
				CLANG_ANALYZER_NUMBER_OBJECT_CONVERSION = YES_AGGRESSIVE;
				CLANG_CXX_LANGUAGE_STANDARD = "gnu++20";
				CLANG_ENABLE_MODULES = YES;
				CLANG_ENABLE_OBJC_ARC = YES;
				CLANG_ENABLE_OBJC_WEAK = YES;
				CLANG_WARN_BLOCK_CAPTURE_AUTORELEASING = YES;
				CLANG_WARN_BOOL_CONVERSION = YES;
				CLANG_WARN_COMMA = YES;
				CLANG_WARN_CONSTANT_CONVERSION = YES;
				CLANG_WARN_DEPRECATED_OBJC_IMPLEMENTATIONS = YES;
				CLANG_WARN_DIRECT_OBJC_ISA_USAGE = YES_ERROR;
				CLANG_WARN_DOCUMENTATION_COMMENTS = YES;
				CLANG_WARN_EMPTY_BODY = YES;
				CLANG_WARN_ENUM_CONVERSION = YES;
				CLANG_WARN_INFINITE_RECURSION = YES;
				CLANG_WARN_INT_CONVERSION = YES;
				CLANG_WARN_NON_LITERAL_NULL_CONVERSION = YES;
				CLANG_WARN_OBJC_IMPLICIT_RETAIN_SELF = YES;
				CLANG_WARN_OBJC_LITERAL_CONVERSION = YES;
				CLANG_WARN_OBJC_ROOT_CLASS = YES_ERROR;
				CLANG_WARN_QUOTED_INCLUDE_IN_FRAMEWORK_HEADER = YES;
				CLANG_WARN_RANGE_LOOP_ANALYSIS = YES;
				CLANG_WARN_STRICT_PROTOTYPES = YES;
				CLANG_WARN_SUSPICIOUS_MOVE = YES;
				CLANG_WARN_UNGUARDED_AVAILABILITY = YES_AGGRESSIVE;
				CLANG_WARN_UNREACHABLE_CODE = YES;
				CLANG_WARN__DUPLICATE_METHOD_MATCH = YES;
				COPY_PHASE_STRIP = NO;
				DEBUG_INFORMATION_FORMAT = "dwarf-with-dsym";
				ENABLE_NS_ASSERTIONS = NO;
				ENABLE_STRICT_OBJC_MSGSEND = YES;
				GCC_C_LANGUAGE_STANDARD = gnu11;
				GCC_NO_COMMON_BLOCKS = YES;
				GCC_WARN_64_TO_32_BIT_CONVERSION = YES;
				GCC_WARN_ABOUT_RETURN_TYPE = YES_ERROR;
				GCC_WARN_UNDECLARED_SELECTOR = YES;
				GCC_WARN_UNINITIALIZED_AUTOS = YES_AGGRESSIVE;
				GCC_WARN_UNUSED_FUNCTION = YES;
				GCC_WARN_UNUSED_VARIABLE = YES;
				IPHONEOS_DEPLOYMENT_TARGET = 16.2;
				MTL_ENABLE_DEBUG_INFO = NO;
				MTL_FAST_MATH = YES;
				SDKROOT = iphoneos;
				VALIDATE_PRODUCT = YES;
			};
			name = Release;
		};
		C6AFAB992A0E158200E2EFB6 /* Debug */ = {
			isa = XCBuildConfiguration;
			buildSettings = {
				ASSETCATALOG_COMPILER_APPICON_NAME = AppIcon;
				ASSETCATALOG_COMPILER_GLOBAL_ACCENT_COLOR_NAME = AccentColor;
				CODE_SIGN_STYLE = Automatic;
				CURRENT_PROJECT_VERSION = 1;
				DEVELOPMENT_TEAM = NPEPL56TCD;
				GENERATE_INFOPLIST_FILE = YES;
				INFOPLIST_FILE = "UIAlertView-objective-c/Info.plist";
				INFOPLIST_KEY_UIApplicationSupportsIndirectInputEvents = YES;
				INFOPLIST_KEY_UILaunchStoryboardName = LaunchScreen;
				INFOPLIST_KEY_UIMainStoryboardFile = Main;
				INFOPLIST_KEY_UISupportedInterfaceOrientations_iPad = "UIInterfaceOrientationPortrait UIInterfaceOrientationPortraitUpsideDown UIInterfaceOrientationLandscapeLeft UIInterfaceOrientationLandscapeRight";
				INFOPLIST_KEY_UISupportedInterfaceOrientations_iPhone = "UIInterfaceOrientationPortrait UIInterfaceOrientationLandscapeLeft UIInterfaceOrientationLandscapeRight";
				LD_RUNPATH_SEARCH_PATHS = (
					"$(inherited)",
					"@executable_path/Frameworks",
				);
				MARKETING_VERSION = 1.0;
				PRODUCT_BUNDLE_IDENTIFIER = "ssntpl.in.UIAlertView-objective-c";
				PRODUCT_NAME = "$(TARGET_NAME)";
				SWIFT_EMIT_LOC_STRINGS = YES;
				TARGETED_DEVICE_FAMILY = "1,2";
			};
			name = Debug;
		};
		C6AFAB9A2A0E158200E2EFB6 /* Release */ = {
			isa = XCBuildConfiguration;
			buildSettings = {
				ASSETCATALOG_COMPILER_APPICON_NAME = AppIcon;
				ASSETCATALOG_COMPILER_GLOBAL_ACCENT_COLOR_NAME = AccentColor;
				CODE_SIGN_STYLE = Automatic;
				CURRENT_PROJECT_VERSION = 1;
				DEVELOPMENT_TEAM = NPEPL56TCD;
				GENERATE_INFOPLIST_FILE = YES;
				INFOPLIST_FILE = "UIAlertView-objective-c/Info.plist";
				INFOPLIST_KEY_UIApplicationSupportsIndirectInputEvents = YES;
				INFOPLIST_KEY_UILaunchStoryboardName = LaunchScreen;
				INFOPLIST_KEY_UIMainStoryboardFile = Main;
				INFOPLIST_KEY_UISupportedInterfaceOrientations_iPad = "UIInterfaceOrientationPortrait UIInterfaceOrientationPortraitUpsideDown UIInterfaceOrientationLandscapeLeft UIInterfaceOrientationLandscapeRight";
				INFOPLIST_KEY_UISupportedInterfaceOrientations_iPhone = "UIInterfaceOrientationPortrait UIInterfaceOrientationLandscapeLeft UIInterfaceOrientationLandscapeRight";
				LD_RUNPATH_SEARCH_PATHS = (
					"$(inherited)",
					"@executable_path/Frameworks",
				);
				MARKETING_VERSION = 1.0;
				PRODUCT_BUNDLE_IDENTIFIER = "ssntpl.in.UIAlertView-objective-c";
				PRODUCT_NAME = "$(TARGET_NAME)";
				SWIFT_EMIT_LOC_STRINGS = YES;
				TARGETED_DEVICE_FAMILY = "1,2";
			};
			name = Release;
		};
/* End XCBuildConfiguration section */

/* Begin XCConfigurationList section */
		C6AFAB772A0E158100E2EFB6 /* Build configuration list for PBXProject "UIAlertView-objective-c" */ = {
			isa = XCConfigurationList;
			buildConfigurations = (
				C6AFAB962A0E158200E2EFB6 /* Debug */,
				C6AFAB972A0E158200E2EFB6 /* Release */,
			);
			defaultConfigurationIsVisible = 0;
			defaultConfigurationName = Release;
		};
		C6AFAB982A0E158200E2EFB6 /* Build configuration list for PBXNativeTarget "UIAlertView-objective-c" */ = {
			isa = XCConfigurationList;
			buildConfigurations = (
				C6AFAB992A0E158200E2EFB6 /* Debug */,
				C6AFAB9A2A0E158200E2EFB6 /* Release */,
			);
			defaultConfigurationIsVisible = 0;
			defaultConfigurationName = Release;
		};
/* End XCConfigurationList section */

/* Begin XCVersionGroup section */
		C6AFAB8B2A0E158100E2EFB6 /* UIAlertView_objective_c.xcdatamodeld */ = {
			isa = XCVersionGroup;
			children = (
				C6AFAB8C2A0E158100E2EFB6 /* UIAlertView_objective_c.xcdatamodel */,
			);
			currentVersion = C6AFAB8C2A0E158100E2EFB6 /* UIAlertView_objective_c.xcdatamodel */;
			path = UIAlertView_objective_c.xcdatamodeld;
			sourceTree = "<group>";
			versionGroupType = wrapper.xcdatamodel;
		};
/* End XCVersionGroup section */
	};
	rootObject = C6AFAB742A0E158100E2EFB6 /* Project object */;
}
