// !$*UTF8*$!
{
	archiveVersion = 1;
	classes = {
	};
	objectVersion = 56;
	objects = {

/* Begin PBXBuildFile section */
		C61529D12A090FE900CB7079 /* AppDelegate.m in Sources */ = {isa = PBXBuildFile; fileRef = C61529D02A090FE900CB7079 /* AppDelegate.m */; };
		C61529D42A090FE900CB7079 /* SceneDelegate.m in Sources */ = {isa = PBXBuildFile; fileRef = C61529D32A090FE900CB7079 /* SceneDelegate.m */; };
		C61529D72A090FEA00CB7079 /* ViewController.m in Sources */ = {isa = PBXBuildFile; fileRef = C61529D62A090FE900CB7079 /* ViewController.m */; };
		C61529DA2A090FEA00CB7079 /* Main.storyboard in Resources */ = {isa = PBXBuildFile; fileRef = C61529D82A090FEA00CB7079 /* Main.storyboard */; };
		C61529DD2A090FEA00CB7079 /* StopWatch_objective_c.xcdatamodeld in Sources */ = {isa = PBXBuildFile; fileRef = C61529DB2A090FEA00CB7079 /* StopWatch_objective_c.xcdatamodeld */; };
		C61529DF2A090FEB00CB7079 /* Assets.xcassets in Resources */ = {isa = PBXBuildFile; fileRef = C61529DE2A090FEB00CB7079 /* Assets.xcassets */; };
		C61529E22A090FEB00CB7079 /* LaunchScreen.storyboard in Resources */ = {isa = PBXBuildFile; fileRef = C61529E02A090FEB00CB7079 /* LaunchScreen.storyboard */; };
		C61529E52A090FEB00CB7079 /* main.m in Sources */ = {isa = PBXBuildFile; fileRef = C61529E42A090FEB00CB7079 /* main.m */; };
/* End PBXBuildFile section */

/* Begin PBXFileReference section */
		C61529CC2A090FE900CB7079 /* StopWatch_objective-c.app */ = {isa = PBXFileReference; explicitFileType = wrapper.application; includeInIndex = 0; path = "StopWatch_objective-c.app"; sourceTree = BUILT_PRODUCTS_DIR; };
		C61529CF2A090FE900CB7079 /* AppDelegate.h */ = {isa = PBXFileReference; lastKnownFileType = sourcecode.c.h; path = AppDelegate.h; sourceTree = "<group>"; };
		C61529D02A090FE900CB7079 /* AppDelegate.m */ = {isa = PBXFileReference; lastKnownFileType = sourcecode.c.objc; path = AppDelegate.m; sourceTree = "<group>"; };
		C61529D22A090FE900CB7079 /* SceneDelegate.h */ = {isa = PBXFileReference; lastKnownFileType = sourcecode.c.h; path = SceneDelegate.h; sourceTree = "<group>"; };
		C61529D32A090FE900CB7079 /* SceneDelegate.m */ = {isa = PBXFileReference; lastKnownFileType = sourcecode.c.objc; path = SceneDelegate.m; sourceTree = "<group>"; };
		C61529D52A090FE900CB7079 /* ViewController.h */ = {isa = PBXFileReference; lastKnownFileType = sourcecode.c.h; path = ViewController.h; sourceTree = "<group>"; };
		C61529D62A090FE900CB7079 /* ViewController.m */ = {isa = PBXFileReference; lastKnownFileType = sourcecode.c.objc; path = ViewController.m; sourceTree = "<group>"; };
		C61529D92A090FEA00CB7079 /* Base */ = {isa = PBXFileReference; lastKnownFileType = file.storyboard; name = Base; path = Base.lproj/Main.storyboard; sourceTree = "<group>"; };
		C61529DC2A090FEA00CB7079 /* StopWatch_objective_c.xcdatamodel */ = {isa = PBXFileReference; lastKnownFileType = wrapper.xcdatamodel; path = StopWatch_objective_c.xcdatamodel; sourceTree = "<group>"; };
		C61529DE2A090FEB00CB7079 /* Assets.xcassets */ = {isa = PBXFileReference; lastKnownFileType = folder.assetcatalog; path = Assets.xcassets; sourceTree = "<group>"; };
		C61529E12A090FEB00CB7079 /* Base */ = {isa = PBXFileReference; lastKnownFileType = file.storyboard; name = Base; path = Base.lproj/LaunchScreen.storyboard; sourceTree = "<group>"; };
		C61529E32A090FEB00CB7079 /* Info.plist */ = {isa = PBXFileReference; lastKnownFileType = text.plist.xml; path = Info.plist; sourceTree = "<group>"; };
		C61529E42A090FEB00CB7079 /* main.m */ = {isa = PBXFileReference; lastKnownFileType = sourcecode.c.objc; path = main.m; sourceTree = "<group>"; };
/* End PBXFileReference section */

/* Begin PBXFrameworksBuildPhase section */
		C61529C92A090FE900CB7079 /* Frameworks */ = {
			isa = PBXFrameworksBuildPhase;
			buildActionMask = 2147483647;
			files = (
			);
			runOnlyForDeploymentPostprocessing = 0;
		};
/* End PBXFrameworksBuildPhase section */

/* Begin PBXGroup section */
		C61529C32A090FE900CB7079 = {
			isa = PBXGroup;
			children = (
				C61529CE2A090FE900CB7079 /* StopWatch_objective-c */,
				C61529CD2A090FE900CB7079 /* Products */,
			);
			sourceTree = "<group>";
		};
		C61529CD2A090FE900CB7079 /* Products */ = {
			isa = PBXGroup;
			children = (
				C61529CC2A090FE900CB7079 /* StopWatch_objective-c.app */,
			);
			name = Products;
			sourceTree = "<group>";
		};
		C61529CE2A090FE900CB7079 /* StopWatch_objective-c */ = {
			isa = PBXGroup;
			children = (
				C61529CF2A090FE900CB7079 /* AppDelegate.h */,
				C61529D02A090FE900CB7079 /* AppDelegate.m */,
				C61529D22A090FE900CB7079 /* SceneDelegate.h */,
				C61529D32A090FE900CB7079 /* SceneDelegate.m */,
				C61529D52A090FE900CB7079 /* ViewController.h */,
				C61529D62A090FE900CB7079 /* ViewController.m */,
				C61529D82A090FEA00CB7079 /* Main.storyboard */,
				C61529DE2A090FEB00CB7079 /* Assets.xcassets */,
				C61529E02A090FEB00CB7079 /* LaunchScreen.storyboard */,
				C61529E32A090FEB00CB7079 /* Info.plist */,
				C61529E42A090FEB00CB7079 /* main.m */,
				C61529DB2A090FEA00CB7079 /* StopWatch_objective_c.xcdatamodeld */,
			);
			path = "StopWatch_objective-c";
			sourceTree = "<group>";
		};
/* End PBXGroup section */

/* Begin PBXNativeTarget section */
		C61529CB2A090FE900CB7079 /* StopWatch_objective-c */ = {
			isa = PBXNativeTarget;
			buildConfigurationList = C61529E82A090FEB00CB7079 /* Build configuration list for PBXNativeTarget "StopWatch_objective-c" */;
			buildPhases = (
				C61529C82A090FE900CB7079 /* Sources */,
				C61529C92A090FE900CB7079 /* Frameworks */,
				C61529CA2A090FE900CB7079 /* Resources */,
			);
			buildRules = (
			);
			dependencies = (
			);
			name = "StopWatch_objective-c";
			productName = "StopWatch_objective-c";
			productReference = C61529CC2A090FE900CB7079 /* StopWatch_objective-c.app */;
			productType = "com.apple.product-type.application";
		};
/* End PBXNativeTarget section */

/* Begin PBXProject section */
		C61529C42A090FE900CB7079 /* Project object */ = {
			isa = PBXProject;
			attributes = {
				BuildIndependentTargetsInParallel = 1;
				LastUpgradeCheck = 1420;
				TargetAttributes = {
					C61529CB2A090FE900CB7079 = {
						CreatedOnToolsVersion = 14.2;
					};
				};
			};
			buildConfigurationList = C61529C72A090FE900CB7079 /* Build configuration list for PBXProject "StopWatch_objective-c" */;
			compatibilityVersion = "Xcode 14.0";
			developmentRegion = en;
			hasScannedForEncodings = 0;
			knownRegions = (
				en,
				Base,
			);
			mainGroup = C61529C32A090FE900CB7079;
			productRefGroup = C61529CD2A090FE900CB7079 /* Products */;
			projectDirPath = "";
			projectRoot = "";
			targets = (
				C61529CB2A090FE900CB7079 /* StopWatch_objective-c */,
			);
		};
/* End PBXProject section */

/* Begin PBXResourcesBuildPhase section */
		C61529CA2A090FE900CB7079 /* Resources */ = {
			isa = PBXResourcesBuildPhase;
			buildActionMask = 2147483647;
			files = (
				C61529E22A090FEB00CB7079 /* LaunchScreen.storyboard in Resources */,
				C61529DF2A090FEB00CB7079 /* Assets.xcassets in Resources */,
				C61529DA2A090FEA00CB7079 /* Main.storyboard in Resources */,
			);
			runOnlyForDeploymentPostprocessing = 0;
		};
/* End PBXResourcesBuildPhase section */

/* Begin PBXSourcesBuildPhase section */
		C61529C82A090FE900CB7079 /* Sources */ = {
			isa = PBXSourcesBuildPhase;
			buildActionMask = 2147483647;
			files = (
				C61529E52A090FEB00CB7079 /* main.m in Sources */,
				C61529D72A090FEA00CB7079 /* ViewController.m in Sources */,
				C61529D12A090FE900CB7079 /* AppDelegate.m in Sources */,
				C61529D42A090FE900CB7079 /* SceneDelegate.m in Sources */,
				C61529DD2A090FEA00CB7079 /* StopWatch_objective_c.xcdatamodeld in Sources */,
			);
			runOnlyForDeploymentPostprocessing = 0;
		};
/* End PBXSourcesBuildPhase section */

/* Begin PBXVariantGroup section */
		C61529D82A090FEA00CB7079 /* Main.storyboard */ = {
			isa = PBXVariantGroup;
			children = (
				C61529D92A090FEA00CB7079 /* Base */,
			);
			name = Main.storyboard;
			sourceTree = "<group>";
		};
		C61529E02A090FEB00CB7079 /* LaunchScreen.storyboard */ = {
			isa = PBXVariantGroup;
			children = (
				C61529E12A090FEB00CB7079 /* Base */,
			);
			name = LaunchScreen.storyboard;
			sourceTree = "<group>";
		};
/* End PBXVariantGroup section */

/* Begin XCBuildConfiguration section */
		C61529E62A090FEB00CB7079 /* Debug */ = {
			isa = XCBuildConfiguration;
			buildSettings = {
				ALWAYS_SEARCH_USER_PATHS = NO;
				CLANG_ANALYZER_NONNULL = YES;
				CLANG_ANALYZER_NUMBER_OBJECT_CONVERSION = YES_AGGRESSIVE;
				CLANG_CXX_LANGUAGE_STANDARD = "gnu++20";
				CLANG_ENABLE_MODULES = YES;
				CLANG_ENABLE_OBJC_ARC = YES;
				CLANG_ENABLE_OBJC_WEAK = YES;
				CLANG_WARN_BLOCK_CAPTURE_AUTORELEASING = YES;
				CLANG_WARN_BOOL_CONVERSION = YES;
				CLANG_WARN_COMMA = YES;
				CLANG_WARN_CONSTANT_CONVERSION = YES;
				CLANG_WARN_DEPRECATED_OBJC_IMPLEMENTATIONS = YES;
				CLANG_WARN_DIRECT_OBJC_ISA_USAGE = YES_ERROR;
				CLANG_WARN_DOCUMENTATION_COMMENTS = YES;
				CLANG_WARN_EMPTY_BODY = YES;
				CLANG_WARN_ENUM_CONVERSION = YES;
				CLANG_WARN_INFINITE_RECURSION = YES;
				CLANG_WARN_INT_CONVERSION = YES;
				CLANG_WARN_NON_LITERAL_NULL_CONVERSION = YES;
				CLANG_WARN_OBJC_IMPLICIT_RETAIN_SELF = YES;
				CLANG_WARN_OBJC_LITERAL_CONVERSION = YES;
				CLANG_WARN_OBJC_ROOT_CLASS = YES_ERROR;
				CLANG_WARN_QUOTED_INCLUDE_IN_FRAMEWORK_HEADER = YES;
				CLANG_WARN_RANGE_LOOP_ANALYSIS = YES;
				CLANG_WARN_STRICT_PROTOTYPES = YES;
				CLANG_WARN_SUSPICIOUS_MOVE = YES;
				CLANG_WARN_UNGUARDED_AVAILABILITY = YES_AGGRESSIVE;
				CLANG_WARN_UNREACHABLE_CODE = YES;
				CLANG_WARN__DUPLICATE_METHOD_MATCH = YES;
				COPY_PHASE_STRIP = NO;
				DEBUG_INFORMATION_FORMAT = dwarf;
				ENABLE_STRICT_OBJC_MSGSEND = YES;
				ENABLE_TESTABILITY = YES;
				GCC_C_LANGUAGE_STANDARD = gnu11;
				GCC_DYNAMIC_NO_PIC = NO;
				GCC_NO_COMMON_BLOCKS = YES;
				GCC_OPTIMIZATION_LEVEL = 0;
				GCC_PREPROCESSOR_DEFINITIONS = (
					"DEBUG=1",
					"$(inherited)",
				);
				GCC_WARN_64_TO_32_BIT_CONVERSION = YES;
				GCC_WARN_ABOUT_RETURN_TYPE = YES_ERROR;
				GCC_WARN_UNDECLARED_SELECTOR = YES;
				GCC_WARN_UNINITIALIZED_AUTOS = YES_AGGRESSIVE;
				GCC_WARN_UNUSED_FUNCTION = YES;
				GCC_WARN_UNUSED_VARIABLE = YES;
				IPHONEOS_DEPLOYMENT_TARGET = 16.2;
				MTL_ENABLE_DEBUG_INFO = INCLUDE_SOURCE;
				MTL_FAST_MATH = YES;
				ONLY_ACTIVE_ARCH = YES;
				SDKROOT = iphoneos;
			};
			name = Debug;
		};
		C61529E72A090FEB00CB7079 /* Release */ = {
			isa = XCBuildConfiguration;
			buildSettings = {
				ALWAYS_SEARCH_USER_PATHS = NO;
				CLANG_ANALYZER_NONNULL = YES;
				CLANG_ANALYZER_NUMBER_OBJECT_CONVERSION = YES_AGGRESSIVE;
				CLANG_CXX_LANGUAGE_STANDARD = "gnu++20";
				CLANG_ENABLE_MODULES = YES;
				CLANG_ENABLE_OBJC_ARC = YES;
				CLANG_ENABLE_OBJC_WEAK = YES;
				CLANG_WARN_BLOCK_CAPTURE_AUTORELEASING = YES;
				CLANG_WARN_BOOL_CONVERSION = YES;
				CLANG_WARN_COMMA = YES;
				CLANG_WARN_CONSTANT_CONVERSION = YES;
				CLANG_WARN_DEPRECATED_OBJC_IMPLEMENTATIONS = YES;
				CLANG_WARN_DIRECT_OBJC_ISA_USAGE = YES_ERROR;
				CLANG_WARN_DOCUMENTATION_COMMENTS = YES;
				CLANG_WARN_EMPTY_BODY = YES;
				CLANG_WARN_ENUM_CONVERSION = YES;
				CLANG_WARN_INFINITE_RECURSION = YES;
				CLANG_WARN_INT_CONVERSION = YES;
				CLANG_WARN_NON_LITERAL_NULL_CONVERSION = YES;
				CLANG_WARN_OBJC_IMPLICIT_RETAIN_SELF = YES;
				CLANG_WARN_OBJC_LITERAL_CONVERSION = YES;
				CLANG_WARN_OBJC_ROOT_CLASS = YES_ERROR;
				CLANG_WARN_QUOTED_INCLUDE_IN_FRAMEWORK_HEADER = YES;
				CLANG_WARN_RANGE_LOOP_ANALYSIS = YES;
				CLANG_WARN_STRICT_PROTOTYPES = YES;
				CLANG_WARN_SUSPICIOUS_MOVE = YES;
				CLANG_WARN_UNGUARDED_AVAILABILITY = YES_AGGRESSIVE;
				CLANG_WARN_UNREACHABLE_CODE = YES;
				CLANG_WARN__DUPLICATE_METHOD_MATCH = YES;
				COPY_PHASE_STRIP = NO;
				DEBUG_INFORMATION_FORMAT = "dwarf-with-dsym";
				ENABLE_NS_ASSERTIONS = NO;
				ENABLE_STRICT_OBJC_MSGSEND = YES;
				GCC_C_LANGUAGE_STANDARD = gnu11;
				GCC_NO_COMMON_BLOCKS = YES;
				GCC_WARN_64_TO_32_BIT_CONVERSION = YES;
				GCC_WARN_ABOUT_RETURN_TYPE = YES_ERROR;
				GCC_WARN_UNDECLARED_SELECTOR = YES;
				GCC_WARN_UNINITIALIZED_AUTOS = YES_AGGRESSIVE;
				GCC_WARN_UNUSED_FUNCTION = YES;
				GCC_WARN_UNUSED_VARIABLE = YES;
				IPHONEOS_DEPLOYMENT_TARGET = 16.2;
				MTL_ENABLE_DEBUG_INFO = NO;
				MTL_FAST_MATH = YES;
				SDKROOT = iphoneos;
				VALIDATE_PRODUCT = YES;
			};
			name = Release;
		};
		C61529E92A090FEB00CB7079 /* Debug */ = {
			isa = XCBuildConfiguration;
			buildSettings = {
				ASSETCATALOG_COMPILER_APPICON_NAME = AppIcon;
				ASSETCATALOG_COMPILER_GLOBAL_ACCENT_COLOR_NAME = AccentColor;
				CODE_SIGN_STYLE = Automatic;
				CURRENT_PROJECT_VERSION = 1;
				DEVELOPMENT_TEAM = NPEPL56TCD;
				GENERATE_INFOPLIST_FILE = YES;
				INFOPLIST_FILE = "StopWatch_objective-c/Info.plist";
				INFOPLIST_KEY_UIApplicationSupportsIndirectInputEvents = YES;
				INFOPLIST_KEY_UILaunchStoryboardName = LaunchScreen;
				INFOPLIST_KEY_UIMainStoryboardFile = Main;
				INFOPLIST_KEY_UISupportedInterfaceOrientations_iPad = "UIInterfaceOrientationPortrait UIInterfaceOrientationPortraitUpsideDown UIInterfaceOrientationLandscapeLeft UIInterfaceOrientationLandscapeRight";
				INFOPLIST_KEY_UISupportedInterfaceOrientations_iPhone = "UIInterfaceOrientationPortrait UIInterfaceOrientationLandscapeLeft UIInterfaceOrientationLandscapeRight";
				LD_RUNPATH_SEARCH_PATHS = (
					"$(inherited)",
					"@executable_path/Frameworks",
				);
				MARKETING_VERSION = 1.0;
				PRODUCT_BUNDLE_IDENTIFIER = "ssntpl.in.StopWatch-objective-c";
				PRODUCT_NAME = "$(TARGET_NAME)";
				SWIFT_EMIT_LOC_STRINGS = YES;
				TARGETED_DEVICE_FAMILY = "1,2";
			};
			name = Debug;
		};
		C61529EA2A090FEB00CB7079 /* Release */ = {
			isa = XCBuildConfiguration;
			buildSettings = {
				ASSETCATALOG_COMPILER_APPICON_NAME = AppIcon;
				ASSETCATALOG_COMPILER_GLOBAL_ACCENT_COLOR_NAME = AccentColor;
				CODE_SIGN_STYLE = Automatic;
				CURRENT_PROJECT_VERSION = 1;
				DEVELOPMENT_TEAM = NPEPL56TCD;
				GENERATE_INFOPLIST_FILE = YES;
				INFOPLIST_FILE = "StopWatch_objective-c/Info.plist";
				INFOPLIST_KEY_UIApplicationSupportsIndirectInputEvents = YES;
				INFOPLIST_KEY_UILaunchStoryboardName = LaunchScreen;
				INFOPLIST_KEY_UIMainStoryboardFile = Main;
				INFOPLIST_KEY_UISupportedInterfaceOrientations_iPad = "UIInterfaceOrientationPortrait UIInterfaceOrientationPortraitUpsideDown UIInterfaceOrientationLandscapeLeft UIInterfaceOrientationLandscapeRight";
				INFOPLIST_KEY_UISupportedInterfaceOrientations_iPhone = "UIInterfaceOrientationPortrait UIInterfaceOrientationLandscapeLeft UIInterfaceOrientationLandscapeRight";
				LD_RUNPATH_SEARCH_PATHS = (
					"$(inherited)",
					"@executable_path/Frameworks",
				);
				MARKETING_VERSION = 1.0;
				PRODUCT_BUNDLE_IDENTIFIER = "ssntpl.in.StopWatch-objective-c";
				PRODUCT_NAME = "$(TARGET_NAME)";
				SWIFT_EMIT_LOC_STRINGS = YES;
				TARGETED_DEVICE_FAMILY = "1,2";
			};
			name = Release;
		};
/* End XCBuildConfiguration section */

/* Begin XCConfigurationList section */
		C61529C72A090FE900CB7079 /* Build configuration list for PBXProject "StopWatch_objective-c" */ = {
			isa = XCConfigurationList;
			buildConfigurations = (
				C61529E62A090FEB00CB7079 /* Debug */,
				C61529E72A090FEB00CB7079 /* Release */,
			);
			defaultConfigurationIsVisible = 0;
			defaultConfigurationName = Release;
		};
		C61529E82A090FEB00CB7079 /* Build configuration list for PBXNativeTarget "StopWatch_objective-c" */ = {
			isa = XCConfigurationList;
			buildConfigurations = (
				C61529E92A090FEB00CB7079 /* Debug */,
				C61529EA2A090FEB00CB7079 /* Release */,
			);
			defaultConfigurationIsVisible = 0;
			defaultConfigurationName = Release;
		};
/* End XCConfigurationList section */

/* Begin XCVersionGroup section */
		C61529DB2A090FEA00CB7079 /* StopWatch_objective_c.xcdatamodeld */ = {
			isa = XCVersionGroup;
			children = (
				C61529DC2A090FEA00CB7079 /* StopWatch_objective_c.xcdatamodel */,
			);
			currentVersion = C61529DC2A090FEA00CB7079 /* StopWatch_objective_c.xcdatamodel */;
			path = StopWatch_objective_c.xcdatamodeld;
			sourceTree = "<group>";
			versionGroupType = wrapper.xcdatamodel;
		};
/* End XCVersionGroup section */
	};
	rootObject = C61529C42A090FE900CB7079 /* Project object */;
}
